// !$*UTF8*$!
{
	archiveVersion = 1;
	classes = {
	};
	objectVersion = 46;
	objects = {

/* Begin PBXBuildFile section */
		28E16FAB791DF7AC3AF3F0B4 /* libPods-schedules.a in Frameworks */ = {isa = PBXBuildFile; fileRef = 6858998A5B9EEFDF2B5A6A41 /* libPods-schedules.a */; };
		550B71EF1B38A74000754FAE /* AppDelegate.swift in Sources */ = {isa = PBXBuildFile; fileRef = 550B71EE1B38A74000754FAE /* AppDelegate.swift */; };
		550B71F11B38A74000754FAE /* ViewController.swift in Sources */ = {isa = PBXBuildFile; fileRef = 550B71F01B38A74000754FAE /* ViewController.swift */; };
		550B71F41B38A74000754FAE /* Main.storyboard in Resources */ = {isa = PBXBuildFile; fileRef = 550B71F21B38A74000754FAE /* Main.storyboard */; };
		550B71F61B38A74000754FAE /* Images.xcassets in Resources */ = {isa = PBXBuildFile; fileRef = 550B71F51B38A74000754FAE /* Images.xcassets */; };
		550B71F91B38A74000754FAE /* LaunchScreen.xib in Resources */ = {isa = PBXBuildFile; fileRef = 550B71F71B38A74000754FAE /* LaunchScreen.xib */; };
		550B72051B38A74000754FAE /* schedulesTests.swift in Sources */ = {isa = PBXBuildFile; fileRef = 550B72041B38A74000754FAE /* schedulesTests.swift */; };
/* End PBXBuildFile section */

/* Begin PBXContainerItemProxy section */
		550B71FF1B38A74000754FAE /* PBXContainerItemProxy */ = {
			isa = PBXContainerItemProxy;
			containerPortal = 550B71E11B38A74000754FAE /* Project object */;
			proxyType = 1;
			remoteGlobalIDString = 550B71E81B38A74000754FAE;
			remoteInfo = schedules;
		};
/* End PBXContainerItemProxy section */

/* Begin PBXFileReference section */
		1A0F775D87F73A9FA1D43E52 /* Pods-schedules.release.xcconfig */ = {isa = PBXFileReference; includeInIndex = 1; lastKnownFileType = text.xcconfig; name = "Pods-schedules.release.xcconfig"; path = "Pods/Target Support Files/Pods-schedules/Pods-schedules.release.xcconfig"; sourceTree = "<group>"; };
		550B71E91B38A74000754FAE /* schedules.app */ = {isa = PBXFileReference; explicitFileType = wrapper.application; includeInIndex = 0; path = schedules.app; sourceTree = BUILT_PRODUCTS_DIR; };
		550B71ED1B38A74000754FAE /* Info.plist */ = {isa = PBXFileReference; lastKnownFileType = text.plist.xml; path = Info.plist; sourceTree = "<group>"; };
		550B71EE1B38A74000754FAE /* AppDelegate.swift */ = {isa = PBXFileReference; lastKnownFileType = sourcecode.swift; path = AppDelegate.swift; sourceTree = "<group>"; };
		550B71F01B38A74000754FAE /* ViewController.swift */ = {isa = PBXFileReference; lastKnownFileType = sourcecode.swift; path = ViewController.swift; sourceTree = "<group>"; };
		550B71F31B38A74000754FAE /* Base */ = {isa = PBXFileReference; lastKnownFileType = file.storyboard; name = Base; path = Base.lproj/Main.storyboard; sourceTree = "<group>"; };
		550B71F51B38A74000754FAE /* Images.xcassets */ = {isa = PBXFileReference; lastKnownFileType = folder.assetcatalog; path = Images.xcassets; sourceTree = "<group>"; };
		550B71F81B38A74000754FAE /* Base */ = {isa = PBXFileReference; lastKnownFileType = file.xib; name = Base; path = Base.lproj/LaunchScreen.xib; sourceTree = "<group>"; };
		550B71FE1B38A74000754FAE /* schedulesTests.xctest */ = {isa = PBXFileReference; explicitFileType = wrapper.cfbundle; includeInIndex = 0; path = schedulesTests.xctest; sourceTree = BUILT_PRODUCTS_DIR; };
		550B72031B38A74000754FAE /* Info.plist */ = {isa = PBXFileReference; lastKnownFileType = text.plist.xml; path = Info.plist; sourceTree = "<group>"; };
		550B72041B38A74000754FAE /* schedulesTests.swift */ = {isa = PBXFileReference; lastKnownFileType = sourcecode.swift; path = schedulesTests.swift; sourceTree = "<group>"; };
		6858998A5B9EEFDF2B5A6A41 /* libPods-schedules.a */ = {isa = PBXFileReference; explicitFileType = archive.ar; includeInIndex = 0; path = "libPods-schedules.a"; sourceTree = BUILT_PRODUCTS_DIR; };
		CE1409AF83289AC5ADF7DF24 /* Pods-schedules.debug.xcconfig */ = {isa = PBXFileReference; includeInIndex = 1; lastKnownFileType = text.xcconfig; name = "Pods-schedules.debug.xcconfig"; path = "Pods/Target Support Files/Pods-schedules/Pods-schedules.debug.xcconfig"; sourceTree = "<group>"; };
/* End PBXFileReference section */

/* Begin PBXFrameworksBuildPhase section */
		550B71E61B38A74000754FAE /* Frameworks */ = {
			isa = PBXFrameworksBuildPhase;
			buildActionMask = 2147483647;
			files = (
				28E16FAB791DF7AC3AF3F0B4 /* libPods-schedules.a in Frameworks */,
			);
			runOnlyForDeploymentPostprocessing = 0;
		};
		550B71FB1B38A74000754FAE /* Frameworks */ = {
			isa = PBXFrameworksBuildPhase;
			buildActionMask = 2147483647;
			files = (
			);
			runOnlyForDeploymentPostprocessing = 0;
		};
/* End PBXFrameworksBuildPhase section */

/* Begin PBXGroup section */
		550B71E01B38A74000754FAE = {
			isa = PBXGroup;
			children = (
				550B71EB1B38A74000754FAE /* schedules */,
				550B72011B38A74000754FAE /* schedulesTests */,
				550B71EA1B38A74000754FAE /* Products */,
				F298092676BE5CE3D2DFA7C2 /* Pods */,
				F543D3AE1EB6AE07F0348755 /* Frameworks */,
			);
			sourceTree = "<group>";
		};
		550B71EA1B38A74000754FAE /* Products */ = {
			isa = PBXGroup;
			children = (
				550B71E91B38A74000754FAE /* schedules.app */,
				550B71FE1B38A74000754FAE /* schedulesTests.xctest */,
			);
			name = Products;
			sourceTree = "<group>";
		};
		550B71EB1B38A74000754FAE /* schedules */ = {
			isa = PBXGroup;
			children = (
				550B71EE1B38A74000754FAE /* AppDelegate.swift */,
				550B71F01B38A74000754FAE /* ViewController.swift */,
				550B71F21B38A74000754FAE /* Main.storyboard */,
				550B71F51B38A74000754FAE /* Images.xcassets */,
				550B71F71B38A74000754FAE /* LaunchScreen.xib */,
				550B71EC1B38A74000754FAE /* Supporting Files */,
			);
			path = schedules;
			sourceTree = "<group>";
		};
		550B71EC1B38A74000754FAE /* Supporting Files */ = {
			isa = PBXGroup;
			children = (
				550B71ED1B38A74000754FAE /* Info.plist */,
			);
			name = "Supporting Files";
			sourceTree = "<group>";
		};
		550B72011B38A74000754FAE /* schedulesTests */ = {
			isa = PBXGroup;
			children = (
				550B72041B38A74000754FAE /* schedulesTests.swift */,
				550B72021B38A74000754FAE /* Supporting Files */,
			);
			path = schedulesTests;
			sourceTree = "<group>";
		};
		550B72021B38A74000754FAE /* Supporting Files */ = {
			isa = PBXGroup;
			children = (
				550B72031B38A74000754FAE /* Info.plist */,
			);
			name = "Supporting Files";
			sourceTree = "<group>";
		};
		F298092676BE5CE3D2DFA7C2 /* Pods */ = {
			isa = PBXGroup;
			children = (
				CE1409AF83289AC5ADF7DF24 /* Pods-schedules.debug.xcconfig */,
				1A0F775D87F73A9FA1D43E52 /* Pods-schedules.release.xcconfig */,
			);
			name = Pods;
			sourceTree = "<group>";
		};
		F543D3AE1EB6AE07F0348755 /* Frameworks */ = {
			isa = PBXGroup;
			children = (
				6858998A5B9EEFDF2B5A6A41 /* libPods-schedules.a */,
			);
			name = Frameworks;
			sourceTree = "<group>";
		};
/* End PBXGroup section */

/* Begin PBXNativeTarget section */
		550B71E81B38A74000754FAE /* schedules */ = {
			isa = PBXNativeTarget;
			buildConfigurationList = 550B72081B38A74000754FAE /* Build configuration list for PBXNativeTarget "schedules" */;
			buildPhases = (
				1F4F6CDECF8DDC2FC65877B4 /* Check Pods Manifest.lock */,
				550B71E51B38A74000754FAE /* Sources */,
				550B71E61B38A74000754FAE /* Frameworks */,
				550B71E71B38A74000754FAE /* Resources */,
				DA1A991E7ED5EDF886732F70 /* Copy Pods Resources */,
			);
			buildRules = (
			);
			dependencies = (
			);
			name = schedules;
			productName = schedules;
			productReference = 550B71E91B38A74000754FAE /* schedules.app */;
			productType = "com.apple.product-type.application";
		};
		550B71FD1B38A74000754FAE /* schedulesTests */ = {
			isa = PBXNativeTarget;
			buildConfigurationList = 550B720B1B38A74000754FAE /* Build configuration list for PBXNativeTarget "schedulesTests" */;
			buildPhases = (
				550B71FA1B38A74000754FAE /* Sources */,
				550B71FB1B38A74000754FAE /* Frameworks */,
				550B71FC1B38A74000754FAE /* Resources */,
			);
			buildRules = (
			);
			dependencies = (
				550B72001B38A74000754FAE /* PBXTargetDependency */,
			);
			name = schedulesTests;
			productName = schedulesTests;
			productReference = 550B71FE1B38A74000754FAE /* schedulesTests.xctest */;
			productType = "com.apple.product-type.bundle.unit-test";
		};
/* End PBXNativeTarget section */

/* Begin PBXProject section */
		550B71E11B38A74000754FAE /* Project object */ = {
			isa = PBXProject;
			attributes = {
				LastUpgradeCheck = 0630;
				ORGANIZATIONNAME = "Oscar Newman";
				TargetAttributes = {
					550B71E81B38A74000754FAE = {
						CreatedOnToolsVersion = 6.3.2;
						DevelopmentTeam = KDW32YPVYV;
					};
					550B71FD1B38A74000754FAE = {
						CreatedOnToolsVersion = 6.3.2;
						TestTargetID = 550B71E81B38A74000754FAE;
					};
				};
			};
			buildConfigurationList = 550B71E41B38A74000754FAE /* Build configuration list for PBXProject "schedules" */;
			compatibilityVersion = "Xcode 3.2";
			developmentRegion = English;
			hasScannedForEncodings = 0;
			knownRegions = (
				en,
				Base,
			);
			mainGroup = 550B71E01B38A74000754FAE;
			productRefGroup = 550B71EA1B38A74000754FAE /* Products */;
			projectDirPath = "";
			projectRoot = "";
			targets = (
				550B71E81B38A74000754FAE /* schedules */,
				550B71FD1B38A74000754FAE /* schedulesTests */,
			);
		};
/* End PBXProject section */

/* Begin PBXResourcesBuildPhase section */
		550B71E71B38A74000754FAE /* Resources */ = {
			isa = PBXResourcesBuildPhase;
			buildActionMask = 2147483647;
			files = (
				550B71F41B38A74000754FAE /* Main.storyboard in Resources */,
				550B71F91B38A74000754FAE /* LaunchScreen.xib in Resources */,
				550B71F61B38A74000754FAE /* Images.xcassets in Resources */,
			);
			runOnlyForDeploymentPostprocessing = 0;
		};
		550B71FC1B38A74000754FAE /* Resources */ = {
			isa = PBXResourcesBuildPhase;
			buildActionMask = 2147483647;
			files = (
			);
			runOnlyForDeploymentPostprocessing = 0;
		};
/* End PBXResourcesBuildPhase section */

/* Begin PBXShellScriptBuildPhase section */
		1F4F6CDECF8DDC2FC65877B4 /* Check Pods Manifest.lock */ = {
			isa = PBXShellScriptBuildPhase;
			buildActionMask = 2147483647;
			files = (
			);
			inputPaths = (
			);
			name = "Check Pods Manifest.lock";
			outputPaths = (
			);
			runOnlyForDeploymentPostprocessing = 0;
			shellPath = /bin/sh;
			shellScript = "diff \"${PODS_ROOT}/../Podfile.lock\" \"${PODS_ROOT}/Manifest.lock\" > /dev/null\nif [[ $? != 0 ]] ; then\n    cat << EOM\nerror: The sandbox is not in sync with the Podfile.lock. Run 'pod install' or update your CocoaPods installation.\nEOM\n    exit 1\nfi\n";
			showEnvVarsInLog = 0;
		};
		DA1A991E7ED5EDF886732F70 /* Copy Pods Resources */ = {
			isa = PBXShellScriptBuildPhase;
			buildActionMask = 2147483647;
			files = (
			);
			inputPaths = (
			);
			name = "Copy Pods Resources";
			outputPaths = (
			);
			runOnlyForDeploymentPostprocessing = 0;
			shellPath = /bin/sh;
			shellScript = "\"${SRCROOT}/Pods/Target Support Files/Pods-schedules/Pods-schedules-resources.sh\"\n";
			showEnvVarsInLog = 0;
		};
/* End PBXShellScriptBuildPhase section */

/* Begin PBXSourcesBuildPhase section */
		550B71E51B38A74000754FAE /* Sources */ = {
			isa = PBXSourcesBuildPhase;
			buildActionMask = 2147483647;
			files = (
				550B71F11B38A74000754FAE /* ViewController.swift in Sources */,
				550B71EF1B38A74000754FAE /* AppDelegate.swift in Sources */,
			);
			runOnlyForDeploymentPostprocessing = 0;
		};
		550B71FA1B38A74000754FAE /* Sources */ = {
			isa = PBXSourcesBuildPhase;
			buildActionMask = 2147483647;
			files = (
				550B72051B38A74000754FAE /* schedulesTests.swift in Sources */,
			);
			runOnlyForDeploymentPostprocessing = 0;
		};
/* End PBXSourcesBuildPhase section */

/* Begin PBXTargetDependency section */
		550B72001B38A74000754FAE /* PBXTargetDependency */ = {
			isa = PBXTargetDependency;
			target = 550B71E81B38A74000754FAE /* schedules */;
			targetProxy = 550B71FF1B38A74000754FAE /* PBXContainerItemProxy */;
		};
/* End PBXTargetDependency section */

/* Begin PBXVariantGroup section */
		550B71F21B38A74000754FAE /* Main.storyboard */ = {
			isa = PBXVariantGroup;
			children = (
				550B71F31B38A74000754FAE /* Base */,
			);
			name = Main.storyboard;
			sourceTree = "<group>";
		};
		550B71F71B38A74000754FAE /* LaunchScreen.xib */ = {
			isa = PBXVariantGroup;
			children = (
				550B71F81B38A74000754FAE /* Base */,
			);
			name = LaunchScreen.xib;
			sourceTree = "<group>";
		};
/* End PBXVariantGroup section */

/* Begin XCBuildConfiguration section */
		550B72061B38A74000754FAE /* Debug */ = {
			isa = XCBuildConfiguration;
			buildSettings = {
				ALWAYS_SEARCH_USER_PATHS = NO;
				CLANG_CXX_LANGUAGE_STANDARD = "gnu++0x";
				CLANG_CXX_LIBRARY = "libc++";
				CLANG_ENABLE_MODULES = YES;
				CLANG_ENABLE_OBJC_ARC = YES;
				CLANG_WARN_BOOL_CONVERSION = YES;
				CLANG_WARN_CONSTANT_CONVERSION = YES;
				CLANG_WARN_DIRECT_OBJC_ISA_USAGE = YES_ERROR;
				CLANG_WARN_EMPTY_BODY = YES;
				CLANG_WARN_ENUM_CONVERSION = YES;
				CLANG_WARN_INT_CONVERSION = YES;
				CLANG_WARN_OBJC_ROOT_CLASS = YES_ERROR;
				CLANG_WARN_UNREACHABLE_CODE = YES;
				CLANG_WARN__DUPLICATE_METHOD_MATCH = YES;
				"CODE_SIGN_IDENTITY[sdk=iphoneos*]" = "iPhone Developer";
				COPY_PHASE_STRIP = NO;
				DEBUG_INFORMATION_FORMAT = "dwarf-with-dsym";
				ENABLE_STRICT_OBJC_MSGSEND = YES;
				GCC_C_LANGUAGE_STANDARD = gnu99;
				GCC_DYNAMIC_NO_PIC = NO;
				GCC_NO_COMMON_BLOCKS = YES;
				GCC_OPTIMIZATION_LEVEL = 0;
				GCC_PREPROCESSOR_DEFINITIONS = (
					"DEBUG=1",
					"$(inherited)",
				);
				GCC_SYMBOLS_PRIVATE_EXTERN = NO;
				GCC_WARN_64_TO_32_BIT_CONVERSION = YES;
				GCC_WARN_ABOUT_RETURN_TYPE = YES_ERROR;
				GCC_WARN_UNDECLARED_SELECTOR = YES;
				GCC_WARN_UNINITIALIZED_AUTOS = YES_AGGRESSIVE;
				GCC_WARN_UNUSED_FUNCTION = YES;
				GCC_WARN_UNUSED_VARIABLE = YES;
				IPHONEOS_DEPLOYMENT_TARGET = 8.3;
				MTL_ENABLE_DEBUG_INFO = YES;
				ONLY_ACTIVE_ARCH = YES;
				SDKROOT = iphoneos;
				SWIFT_OPTIMIZATION_LEVEL = "-Onone";
				TARGETED_DEVICE_FAMILY = "1,2";
			};
			name = Debug;
		};
		550B72071B38A74000754FAE /* Release */ = {
			isa = XCBuildConfiguration;
			buildSettings = {
				ALWAYS_SEARCH_USER_PATHS = NO;
				CLANG_CXX_LANGUAGE_STANDARD = "gnu++0x";
				CLANG_CXX_LIBRARY = "libc++";
				CLANG_ENABLE_MODULES = YES;
				CLANG_ENABLE_OBJC_ARC = YES;
				CLANG_WARN_BOOL_CONVERSION = YES;
				CLANG_WARN_CONSTANT_CONVERSION = YES;
				CLANG_WARN_DIRECT_OBJC_ISA_USAGE = YES_ERROR;
				CLANG_WARN_EMPTY_BODY = YES;
				CLANG_WARN_ENUM_CONVERSION = YES;
				CLANG_WARN_INT_CONVERSION = YES;
				CLANG_WARN_OBJC_ROOT_CLASS = YES_ERROR;
				CLANG_WARN_UNREACHABLE_CODE = YES;
				CLANG_WARN__DUPLICATE_METHOD_MATCH = YES;
				"CODE_SIGN_IDENTITY[sdk=iphoneos*]" = "iPhone Developer";
				COPY_PHASE_STRIP = NO;
				DEBUG_INFORMATION_FORMAT = "dwarf-with-dsym";
				ENABLE_NS_ASSERTIONS = NO;
				ENABLE_STRICT_OBJC_MSGSEND = YES;
				GCC_C_LANGUAGE_STANDARD = gnu99;
				GCC_NO_COMMON_BLOCKS = YES;
				GCC_WARN_64_TO_32_BIT_CONVERSION = YES;
				GCC_WARN_ABOUT_RETURN_TYPE = YES_ERROR;
				GCC_WARN_UNDECLARED_SELECTOR = YES;
				GCC_WARN_UNINITIALIZED_AUTOS = YES_AGGRESSIVE;
				GCC_WARN_UNUSED_FUNCTION = YES;
				GCC_WARN_UNUSED_VARIABLE = YES;
				IPHONEOS_DEPLOYMENT_TARGET = 8.3;
				MTL_ENABLE_DEBUG_INFO = NO;
				SDKROOT = iphoneos;
				TARGETED_DEVICE_FAMILY = "1,2";
				VALIDATE_PRODUCT = YES;
			};
			name = Release;
		};
		550B72091B38A74000754FAE /* Debug */ = {
			isa = XCBuildConfiguration;
			baseConfigurationReference = CE1409AF83289AC5ADF7DF24 /* Pods-schedules.debug.xcconfig */;
			buildSettings = {
				ASSETCATALOG_COMPILER_APPICON_NAME = AppIcon;
				CODE_SIGN_IDENTITY = "iPhone Developer";
				INFOPLIST_FILE = schedules/Info.plist;
				LD_RUNPATH_SEARCH_PATHS = "$(inherited) @executable_path/Frameworks";
				PRODUCT_NAME = "$(TARGET_NAME)";
			};
			name = Debug;
		};
		550B720A1B38A74000754FAE /* Release */ = {
			isa = XCBuildConfiguration;
			baseConfigurationReference = 1A0F775D87F73A9FA1D43E52 /* Pods-schedules.release.xcconfig */;
			buildSettings = {
				ASSETCATALOG_COMPILER_APPICON_NAME = AppIcon;
				CODE_SIGN_IDENTITY = "iPhone Developer";
				INFOPLIST_FILE = schedules/Info.plist;
				LD_RUNPATH_SEARCH_PATHS = "$(inherited) @executable_path/Frameworks";
				PRODUCT_NAME = "$(TARGET_NAME)";
			};
			name = Release;
		};
		550B720C1B38A74000754FAE /* Debug */ = {
			isa = XCBuildConfiguration;
			buildSettings = {
				BUNDLE_LOADER = "$(TEST_HOST)";
				FRAMEWORK_SEARCH_PATHS = (
					"$(SDKROOT)/Developer/Library/Frameworks",
					"$(inherited)",
				);
				GCC_PREPROCESSOR_DEFINITIONS = (
					"DEBUG=1",
					"$(inherited)",
				);
				INFOPLIST_FILE = schedulesTests/Info.plist;
				LD_RUNPATH_SEARCH_PATHS = "$(inherited) @executable_path/Frameworks @loader_path/Frameworks";
				PRODUCT_NAME = "$(TARGET_NAME)";
				TEST_HOST = "$(BUILT_PRODUCTS_DIR)/schedules.app/schedules";
			};
			name = Debug;
		};
		550B720D1B38A74000754FAE /* Release */ = {
			isa = XCBuildConfiguration;
			buildSettings = {
				BUNDLE_LOADER = "$(TEST_HOST)";
				FRAMEWORK_SEARCH_PATHS = (
					"$(SDKROOT)/Developer/Library/Frameworks",
					"$(inherited)",
				);
				INFOPLIST_FILE = schedulesTests/Info.plist;
				LD_RUNPATH_SEARCH_PATHS = "$(inherited) @executable_path/Frameworks @loader_path/Frameworks";
				PRODUCT_NAME = "$(TARGET_NAME)";
				TEST_HOST = "$(BUILT_PRODUCTS_DIR)/schedules.app/schedules";
			};
			name = Release;
		};
/* End XCBuildConfiguration section */

/* Begin XCConfigurationList section */
		550B71E41B38A74000754FAE /* Build configuration list for PBXProject "schedules" */ = {
			isa = XCConfigurationList;
			buildConfigurations = (
				550B72061B38A74000754FAE /* Debug */,
				550B72071B38A74000754FAE /* Release */,
			);
			defaultConfigurationIsVisible = 0;
			defaultConfigurationName = Release;
		};
		550B72081B38A74000754FAE /* Build configuration list for PBXNativeTarget "schedules" */ = {
			isa = XCConfigurationList;
			buildConfigurations = (
				550B72091B38A74000754FAE /* Debug */,
				550B720A1B38A74000754FAE /* Release */,
			);
			defaultConfigurationIsVisible = 0;
			defaultConfigurationName = Release;
		};
		550B720B1B38A74000754FAE /* Build configuration list for PBXNativeTarget "schedulesTests" */ = {
			isa = XCConfigurationList;
			buildConfigurations = (
				550B720C1B38A74000754FAE /* Debug */,
				550B720D1B38A74000754FAE /* Release */,
			);
			defaultConfigurationIsVisible = 0;
			defaultConfigurationName = Release;
		};
/* End XCConfigurationList section */
	};
	rootObject = 550B71E11B38A74000754FAE /* Project object */;
}
